
Microsoft Visual Studio Solution File, Format Version 12.00
# Visual Studio Version 17
VisualStudioVersion = 17.10.35013.160
MinimumVisualStudioVersion = 10.0.40219.1
Project("{FAE04EC0-301F-11D3-BF4B-00C04F79EFBC}") = "SimpleCase", "SimpleCase\SimpleCase.csproj", "{921C3426-C729-4566-84D3-8206D5BF840B}"
EndProject
Project("{FAE04EC0-301F-11D3-BF4B-00C04F79EFBC}") = "APIWithRedis", "APIWithRedis\APIWithRedis.csproj", "{56E47991-DFF8-4AFB-817C-3308FA0A7454}"
EndProject
Global
	GlobalSection(SolutionConfigurationPlatforms) = preSolution
		Debug|Any CPU = Debug|Any CPU
		Release|Any CPU = Release|Any CPU
	EndGlobalSection
	GlobalSection(ProjectConfigurationPlatforms) = postSolution
		{921C3426-C729-4566-84D3-8206D5BF840B}.Debug|Any CPU.ActiveCfg = Debug|Any CPU
		{921C3426-C729-4566-84D3-8206D5BF840B}.Debug|Any CPU.Build.0 = Debug|Any CPU
		{921C3426-C729-4566-84D3-8206D5BF840B}.Release|Any CPU.ActiveCfg = Release|Any CPU
		{921C3426-C729-4566-84D3-8206D5BF840B}.Release|Any CPU.Build.0 = Release|Any CPU
		{56E47991-DFF8-4AFB-817C-3308FA0A7454}.Debug|Any CPU.ActiveCfg = Debug|Any CPU
		{56E47991-DFF8-4AFB-817C-3308FA0A7454}.Debug|Any CPU.Build.0 = Debug|Any CPU
		{56E47991-DFF8-4AFB-817C-3308FA0A7454}.Release|Any CPU.ActiveCfg = Release|Any CPU
		{56E47991-DFF8-4AFB-817C-3308FA0A7454}.Release|Any CPU.Build.0 = Release|Any CPU
	EndGlobalSection
	GlobalSection(SolutionProperties) = preSolution
		HideSolutionNode = FALSE
	EndGlobalSection
	GlobalSection(ExtensibilityGlobals) = postSolution
		SolutionGuid = {0E2C2CAE-2434-41ED-876F-A0DA4821D664}
	EndGlobalSection
EndGlobal
